
Microsoft Visual Studio Solution File, Format Version 12.00
# Visual Studio Version 17
VisualStudioVersion = 17.4.33403.182
MinimumVisualStudioVersion = 10.0.40219.1
Project("{FAE04EC0-301F-11D3-BF4B-00C04F79EFBC}") = "ElectronicAssistantWebAPI", "ElectronicAssistantWebAPI\ElectronicAssistantWebAPI.csproj", "{DB9E1418-E703-453E-8219-1D9AAC698C58}"
EndProject
Global
	GlobalSection(SolutionConfigurationPlatforms) = preSolution
		Debug|Any CPU = Debug|Any CPU
		Release|Any CPU = Release|Any CPU
	EndGlobalSection
	GlobalSection(ProjectConfigurationPlatforms) = postSolution
		{DB9E1418-E703-453E-8219-1D9AAC698C58}.Debug|Any CPU.ActiveCfg = Debug|Any CPU
		{DB9E1418-E703-453E-8219-1D9AAC698C58}.Debug|Any CPU.Build.0 = Debug|Any CPU
		{DB9E1418-E703-453E-8219-1D9AAC698C58}.Release|Any CPU.ActiveCfg = Release|Any CPU
		{DB9E1418-E703-453E-8219-1D9AAC698C58}.Release|Any CPU.Build.0 = Release|Any CPU
	EndGlobalSection
	GlobalSection(SolutionProperties) = preSolution
		HideSolutionNode = FALSE
	EndGlobalSection
	GlobalSection(ExtensibilityGlobals) = postSolution
		SolutionGuid = {A7EAA8EB-D099-4BE8-9144-6ECA7185B3F2}
	EndGlobalSection
EndGlobal
